// !$*UTF8*$!
{
	archiveVersion = 1;
	classes = {
	};
	objectVersion = 50;
	objects = {

/* Begin PBXBuildFile section */
		D63EE1DE21FD603F008CA8DD /* QRCodeSwift.framework in Frameworks */ = {isa = PBXBuildFile; fileRef = D63EE1D421FD603F008CA8DD /* QRCodeSwift.framework */; };
		D63EE1E321FD6040008CA8DD /* QRCodeSwiftTests.swift in Sources */ = {isa = PBXBuildFile; fileRef = D63EE1E221FD6040008CA8DD /* QRCodeSwiftTests.swift */; };
		D63EE1E521FD6040008CA8DD /* QRCodeSwift.h in Headers */ = {isa = PBXBuildFile; fileRef = D63EE1D721FD603F008CA8DD /* QRCodeSwift.h */; settings = {ATTRIBUTES = (Public, ); }; };
		D63EE1F621FD60FE008CA8DD /* sound.caf in Resources */ = {isa = PBXBuildFile; fileRef = D63EE1F121FD60FB008CA8DD /* sound.caf */; };
		D63EE1F721FD60FE008CA8DD /* QRCodeScanLineGrid@2x.png in Resources */ = {isa = PBXBuildFile; fileRef = D63EE1F221FD60FC008CA8DD /* QRCodeScanLineGrid@2x.png */; };
		D63EE1F821FD60FE008CA8DD /* QRCodeScanLineGrid@3x.png in Resources */ = {isa = PBXBuildFile; fileRef = D63EE1F321FD60FD008CA8DD /* QRCodeScanLineGrid@3x.png */; };
		D63EE1F921FD60FE008CA8DD /* QRCodeScanLine@2x.png in Resources */ = {isa = PBXBuildFile; fileRef = D63EE1F421FD60FE008CA8DD /* QRCodeScanLine@2x.png */; };
		D63EE1FA21FD60FE008CA8DD /* QRCodeScanLine@3x.png in Resources */ = {isa = PBXBuildFile; fileRef = D63EE1F521FD60FE008CA8DD /* QRCodeScanLine@3x.png */; };
		D63EE1FD21FD611A008CA8DD /* QRCodeManager.swift in Sources */ = {isa = PBXBuildFile; fileRef = D63EE1FB21FD611A008CA8DD /* QRCodeManager.swift */; };
		D63EE1FE21FD611A008CA8DD /* QRCodeView.swift in Sources */ = {isa = PBXBuildFile; fileRef = D63EE1FC21FD611A008CA8DD /* QRCodeView.swift */; };
		D63EE20021FD6125008CA8DD /* README.md in Resources */ = {isa = PBXBuildFile; fileRef = D63EE1FF21FD6125008CA8DD /* README.md */; };
/* End PBXBuildFile section */

/* Begin PBXContainerItemProxy section */
		D63EE1DF21FD603F008CA8DD /* PBXContainerItemProxy */ = {
			isa = PBXContainerItemProxy;
			containerPortal = D63EE1CB21FD603F008CA8DD /* Project object */;
			proxyType = 1;
			remoteGlobalIDString = D63EE1D321FD603F008CA8DD;
			remoteInfo = QRCodeSwift;
		};
/* End PBXContainerItemProxy section */

/* Begin PBXFileReference section */
		D63EE1D421FD603F008CA8DD /* QRCodeSwift.framework */ = {isa = PBXFileReference; explicitFileType = wrapper.framework; includeInIndex = 0; path = QRCodeSwift.framework; sourceTree = BUILT_PRODUCTS_DIR; };
		D63EE1D721FD603F008CA8DD /* QRCodeSwift.h */ = {isa = PBXFileReference; lastKnownFileType = sourcecode.c.h; path = QRCodeSwift.h; sourceTree = "<group>"; };
		D63EE1D821FD603F008CA8DD /* Info.plist */ = {isa = PBXFileReference; lastKnownFileType = text.plist.xml; path = Info.plist; sourceTree = "<group>"; };
		D63EE1DD21FD603F008CA8DD /* QRCodeSwiftTests.xctest */ = {isa = PBXFileReference; explicitFileType = wrapper.cfbundle; includeInIndex = 0; path = QRCodeSwiftTests.xctest; sourceTree = BUILT_PRODUCTS_DIR; };
		D63EE1E221FD6040008CA8DD /* QRCodeSwiftTests.swift */ = {isa = PBXFileReference; lastKnownFileType = sourcecode.swift; path = QRCodeSwiftTests.swift; sourceTree = "<group>"; };
		D63EE1E421FD6040008CA8DD /* Info.plist */ = {isa = PBXFileReference; lastKnownFileType = text.plist.xml; path = Info.plist; sourceTree = "<group>"; };
		D63EE1F121FD60FB008CA8DD /* sound.caf */ = {isa = PBXFileReference; lastKnownFileType = file; path = sound.caf; sourceTree = "<group>"; };
		D63EE1F221FD60FC008CA8DD /* QRCodeScanLineGrid@2x.png */ = {isa = PBXFileReference; lastKnownFileType = image.png; path = "QRCodeScanLineGrid@2x.png"; sourceTree = "<group>"; };
		D63EE1F321FD60FD008CA8DD /* QRCodeScanLineGrid@3x.png */ = {isa = PBXFileReference; lastKnownFileType = image.png; path = "QRCodeScanLineGrid@3x.png"; sourceTree = "<group>"; };
		D63EE1F421FD60FE008CA8DD /* QRCodeScanLine@2x.png */ = {isa = PBXFileReference; lastKnownFileType = image.png; path = "QRCodeScanLine@2x.png"; sourceTree = "<group>"; };
		D63EE1F521FD60FE008CA8DD /* QRCodeScanLine@3x.png */ = {isa = PBXFileReference; lastKnownFileType = image.png; path = "QRCodeScanLine@3x.png"; sourceTree = "<group>"; };
		D63EE1FB21FD611A008CA8DD /* QRCodeManager.swift */ = {isa = PBXFileReference; fileEncoding = 4; lastKnownFileType = sourcecode.swift; path = QRCodeManager.swift; sourceTree = "<group>"; };
		D63EE1FC21FD611A008CA8DD /* QRCodeView.swift */ = {isa = PBXFileReference; fileEncoding = 4; lastKnownFileType = sourcecode.swift; path = QRCodeView.swift; sourceTree = "<group>"; };
		D63EE1FF21FD6125008CA8DD /* README.md */ = {isa = PBXFileReference; fileEncoding = 4; lastKnownFileType = net.daringfireball.markdown; path = README.md; sourceTree = "<group>"; };
/* End PBXFileReference section */

/* Begin PBXFrameworksBuildPhase section */
		D63EE1D121FD603F008CA8DD /* Frameworks */ = {
			isa = PBXFrameworksBuildPhase;
			buildActionMask = 2147483647;
			files = (
			);
			runOnlyForDeploymentPostprocessing = 0;
		};
		D63EE1DA21FD603F008CA8DD /* Frameworks */ = {
			isa = PBXFrameworksBuildPhase;
			buildActionMask = 2147483647;
			files = (
				D63EE1DE21FD603F008CA8DD /* QRCodeSwift.framework in Frameworks */,
			);
			runOnlyForDeploymentPostprocessing = 0;
		};
/* End PBXFrameworksBuildPhase section */

/* Begin PBXGroup section */
		D63EE1CA21FD603F008CA8DD = {
			isa = PBXGroup;
			children = (
				D63EE1FF21FD6125008CA8DD /* README.md */,
				D63EE1D621FD603F008CA8DD /* QRCodeSwift */,
				D63EE1E121FD603F008CA8DD /* QRCodeSwiftTests */,
				D63EE1D521FD603F008CA8DD /* Products */,
			);
			sourceTree = "<group>";
		};
		D63EE1D521FD603F008CA8DD /* Products */ = {
			isa = PBXGroup;
			children = (
				D63EE1D421FD603F008CA8DD /* QRCodeSwift.framework */,
				D63EE1DD21FD603F008CA8DD /* QRCodeSwiftTests.xctest */,
			);
			name = Products;
			sourceTree = "<group>";
		};
		D63EE1D621FD603F008CA8DD /* QRCodeSwift */ = {
			isa = PBXGroup;
			children = (
				D63EE1D721FD603F008CA8DD /* QRCodeSwift.h */,
				D63EE1EE21FD605D008CA8DD /* Classes */,
				D63EE1F021FD60E7008CA8DD /* Resources */,
				D63EE1EF21FD60D4008CA8DD /* Supporting Files */,
			);
			path = QRCodeSwift;
			sourceTree = "<group>";
		};
		D63EE1E121FD603F008CA8DD /* QRCodeSwiftTests */ = {
			isa = PBXGroup;
			children = (
				D63EE1E221FD6040008CA8DD /* QRCodeSwiftTests.swift */,
				D63EE1E421FD6040008CA8DD /* Info.plist */,
			);
			path = QRCodeSwiftTests;
			sourceTree = "<group>";
		};
		D63EE1EE21FD605D008CA8DD /* Classes */ = {
			isa = PBXGroup;
			children = (
				D63EE1FB21FD611A008CA8DD /* QRCodeManager.swift */,
				D63EE1FC21FD611A008CA8DD /* QRCodeView.swift */,
			);
			path = Classes;
			sourceTree = "<group>";
		};
		D63EE1EF21FD60D4008CA8DD /* Supporting Files */ = {
			isa = PBXGroup;
			children = (
				D63EE1D821FD603F008CA8DD /* Info.plist */,
			);
			name = "Supporting Files";
			sourceTree = "<group>";
		};
		D63EE1F021FD60E7008CA8DD /* Resources */ = {
			isa = PBXGroup;
			children = (
				D63EE1F421FD60FE008CA8DD /* QRCodeScanLine@2x.png */,
				D63EE1F521FD60FE008CA8DD /* QRCodeScanLine@3x.png */,
				D63EE1F221FD60FC008CA8DD /* QRCodeScanLineGrid@2x.png */,
				D63EE1F321FD60FD008CA8DD /* QRCodeScanLineGrid@3x.png */,
				D63EE1F121FD60FB008CA8DD /* sound.caf */,
			);
			path = Resources;
			sourceTree = "<group>";
		};
/* End PBXGroup section */

/* Begin PBXHeadersBuildPhase section */
		D63EE1CF21FD603F008CA8DD /* Headers */ = {
			isa = PBXHeadersBuildPhase;
			buildActionMask = 2147483647;
			files = (
				D63EE1E521FD6040008CA8DD /* QRCodeSwift.h in Headers */,
			);
			runOnlyForDeploymentPostprocessing = 0;
		};
/* End PBXHeadersBuildPhase section */

/* Begin PBXNativeTarget section */
		D63EE1D321FD603F008CA8DD /* QRCodeSwift */ = {
			isa = PBXNativeTarget;
			buildConfigurationList = D63EE1E821FD6040008CA8DD /* Build configuration list for PBXNativeTarget "QRCodeSwift" */;
			buildPhases = (
				D63EE1CF21FD603F008CA8DD /* Headers */,
				D63EE1D021FD603F008CA8DD /* Sources */,
				D63EE1D121FD603F008CA8DD /* Frameworks */,
				D63EE1D221FD603F008CA8DD /* Resources */,
			);
			buildRules = (
			);
			dependencies = (
			);
			name = QRCodeSwift;
			productName = QRCodeSwift;
			productReference = D63EE1D421FD603F008CA8DD /* QRCodeSwift.framework */;
			productType = "com.apple.product-type.framework";
		};
		D63EE1DC21FD603F008CA8DD /* QRCodeSwiftTests */ = {
			isa = PBXNativeTarget;
			buildConfigurationList = D63EE1EB21FD6040008CA8DD /* Build configuration list for PBXNativeTarget "QRCodeSwiftTests" */;
			buildPhases = (
				D63EE1D921FD603F008CA8DD /* Sources */,
				D63EE1DA21FD603F008CA8DD /* Frameworks */,
				D63EE1DB21FD603F008CA8DD /* Resources */,
			);
			buildRules = (
			);
			dependencies = (
				D63EE1E021FD603F008CA8DD /* PBXTargetDependency */,
			);
			name = QRCodeSwiftTests;
			productName = QRCodeSwiftTests;
			productReference = D63EE1DD21FD603F008CA8DD /* QRCodeSwiftTests.xctest */;
			productType = "com.apple.product-type.bundle.unit-test";
		};
/* End PBXNativeTarget section */

/* Begin PBXProject section */
		D63EE1CB21FD603F008CA8DD /* Project object */ = {
			isa = PBXProject;
			attributes = {
				LastSwiftUpdateCheck = 1010;
				LastUpgradeCheck = 1010;
				ORGANIZATIONNAME = Tuluobo;
				TargetAttributes = {
					D63EE1D321FD603F008CA8DD = {
						CreatedOnToolsVersion = 10.1;
						LastSwiftMigration = 1010;
					};
					D63EE1DC21FD603F008CA8DD = {
						CreatedOnToolsVersion = 10.1;
					};
				};
			};
			buildConfigurationList = D63EE1CE21FD603F008CA8DD /* Build configuration list for PBXProject "QRCodeSwift" */;
			compatibilityVersion = "Xcode 9.3";
			developmentRegion = en;
			hasScannedForEncodings = 0;
			knownRegions = (
				en,
			);
			mainGroup = D63EE1CA21FD603F008CA8DD;
			productRefGroup = D63EE1D521FD603F008CA8DD /* Products */;
			projectDirPath = "";
			projectRoot = "";
			targets = (
				D63EE1D321FD603F008CA8DD /* QRCodeSwift */,
				D63EE1DC21FD603F008CA8DD /* QRCodeSwiftTests */,
			);
		};
/* End PBXProject section */

/* Begin PBXResourcesBuildPhase section */
		D63EE1D221FD603F008CA8DD /* Resources */ = {
			isa = PBXResourcesBuildPhase;
			buildActionMask = 2147483647;
			files = (
				D63EE20021FD6125008CA8DD /* README.md in Resources */,
				D63EE1F821FD60FE008CA8DD /* QRCodeScanLineGrid@3x.png in Resources */,
				D63EE1F921FD60FE008CA8DD /* QRCodeScanLine@2x.png in Resources */,
				D63EE1FA21FD60FE008CA8DD /* QRCodeScanLine@3x.png in Resources */,
				D63EE1F621FD60FE008CA8DD /* sound.caf in Resources */,
				D63EE1F721FD60FE008CA8DD /* QRCodeScanLineGrid@2x.png in Resources */,
			);
			runOnlyForDeploymentPostprocessing = 0;
		};
		D63EE1DB21FD603F008CA8DD /* Resources */ = {
			isa = PBXResourcesBuildPhase;
			buildActionMask = 2147483647;
			files = (
			);
			runOnlyForDeploymentPostprocessing = 0;
		};
/* End PBXResourcesBuildPhase section */

/* Begin PBXSourcesBuildPhase section */
		D63EE1D021FD603F008CA8DD /* Sources */ = {
			isa = PBXSourcesBuildPhase;
			buildActionMask = 2147483647;
			files = (
				D63EE1FE21FD611A008CA8DD /* QRCodeView.swift in Sources */,
				D63EE1FD21FD611A008CA8DD /* QRCodeManager.swift in Sources */,
			);
			runOnlyForDeploymentPostprocessing = 0;
		};
		D63EE1D921FD603F008CA8DD /* Sources */ = {
			isa = PBXSourcesBuildPhase;
			buildActionMask = 2147483647;
			files = (
				D63EE1E321FD6040008CA8DD /* QRCodeSwiftTests.swift in Sources */,
			);
			runOnlyForDeploymentPostprocessing = 0;
		};
/* End PBXSourcesBuildPhase section */

/* Begin PBXTargetDependency section */
		D63EE1E021FD603F008CA8DD /* PBXTargetDependency */ = {
			isa = PBXTargetDependency;
			target = D63EE1D321FD603F008CA8DD /* QRCodeSwift */;
			targetProxy = D63EE1DF21FD603F008CA8DD /* PBXContainerItemProxy */;
		};
/* End PBXTargetDependency section */

/* Begin XCBuildConfiguration section */
		D63EE1E621FD6040008CA8DD /* Debug */ = {
			isa = XCBuildConfiguration;
			buildSettings = {
				ALWAYS_SEARCH_USER_PATHS = NO;
				CLANG_ANALYZER_NONNULL = YES;
				CLANG_ANALYZER_NUMBER_OBJECT_CONVERSION = YES_AGGRESSIVE;
				CLANG_CXX_LANGUAGE_STANDARD = "gnu++14";
				CLANG_CXX_LIBRARY = "libc++";
				CLANG_ENABLE_MODULES = YES;
				CLANG_ENABLE_OBJC_ARC = YES;
				CLANG_ENABLE_OBJC_WEAK = YES;
				CLANG_WARN_BLOCK_CAPTURE_AUTORELEASING = YES;
				CLANG_WARN_BOOL_CONVERSION = YES;
				CLANG_WARN_COMMA = YES;
				CLANG_WARN_CONSTANT_CONVERSION = YES;
				CLANG_WARN_DEPRECATED_OBJC_IMPLEMENTATIONS = YES;
				CLANG_WARN_DIRECT_OBJC_ISA_USAGE = YES_ERROR;
				CLANG_WARN_DOCUMENTATION_COMMENTS = YES;
				CLANG_WARN_EMPTY_BODY = YES;
				CLANG_WARN_ENUM_CONVERSION = YES;
				CLANG_WARN_INFINITE_RECURSION = YES;
				CLANG_WARN_INT_CONVERSION = YES;
				CLANG_WARN_NON_LITERAL_NULL_CONVERSION = YES;
				CLANG_WARN_OBJC_IMPLICIT_RETAIN_SELF = YES;
				CLANG_WARN_OBJC_LITERAL_CONVERSION = YES;
				CLANG_WARN_OBJC_ROOT_CLASS = YES_ERROR;
				CLANG_WARN_RANGE_LOOP_ANALYSIS = YES;
				CLANG_WARN_STRICT_PROTOTYPES = YES;
				CLANG_WARN_SUSPICIOUS_MOVE = YES;
				CLANG_WARN_UNGUARDED_AVAILABILITY = YES_AGGRESSIVE;
				CLANG_WARN_UNREACHABLE_CODE = YES;
				CLANG_WARN__DUPLICATE_METHOD_MATCH = YES;
				CODE_SIGN_IDENTITY = "iPhone Developer";
				COPY_PHASE_STRIP = NO;
				CURRENT_PROJECT_VERSION = 1;
				DEBUG_INFORMATION_FORMAT = dwarf;
				ENABLE_STRICT_OBJC_MSGSEND = YES;
				ENABLE_TESTABILITY = YES;
				GCC_C_LANGUAGE_STANDARD = gnu11;
				GCC_DYNAMIC_NO_PIC = NO;
				GCC_NO_COMMON_BLOCKS = YES;
				GCC_OPTIMIZATION_LEVEL = 0;
				GCC_PREPROCESSOR_DEFINITIONS = (
					"DEBUG=1",
					"$(inherited)",
				);
				GCC_WARN_64_TO_32_BIT_CONVERSION = YES;
				GCC_WARN_ABOUT_RETURN_TYPE = YES_ERROR;
				GCC_WARN_UNDECLARED_SELECTOR = YES;
				GCC_WARN_UNINITIALIZED_AUTOS = YES_AGGRESSIVE;
				GCC_WARN_UNUSED_FUNCTION = YES;
				GCC_WARN_UNUSED_VARIABLE = YES;
				IPHONEOS_DEPLOYMENT_TARGET = 8.0;
				MTL_ENABLE_DEBUG_INFO = INCLUDE_SOURCE;
				MTL_FAST_MATH = YES;
				ONLY_ACTIVE_ARCH = YES;
				SDKROOT = iphoneos;
				SWIFT_ACTIVE_COMPILATION_CONDITIONS = DEBUG;
				SWIFT_OPTIMIZATION_LEVEL = "-Onone";
				VERSIONING_SYSTEM = "apple-generic";
				VERSION_INFO_PREFIX = "";
			};
			name = Debug;
		};
		D63EE1E721FD6040008CA8DD /* Release */ = {
			isa = XCBuildConfiguration;
			buildSettings = {
				ALWAYS_SEARCH_USER_PATHS = NO;
				CLANG_ANALYZER_NONNULL = YES;
				CLANG_ANALYZER_NUMBER_OBJECT_CONVERSION = YES_AGGRESSIVE;
				CLANG_CXX_LANGUAGE_STANDARD = "gnu++14";
				CLANG_CXX_LIBRARY = "libc++";
				CLANG_ENABLE_MODULES = YES;
				CLANG_ENABLE_OBJC_ARC = YES;
				CLANG_ENABLE_OBJC_WEAK = YES;
				CLANG_WARN_BLOCK_CAPTURE_AUTORELEASING = YES;
				CLANG_WARN_BOOL_CONVERSION = YES;
				CLANG_WARN_COMMA = YES;
				CLANG_WARN_CONSTANT_CONVERSION = YES;
				CLANG_WARN_DEPRECATED_OBJC_IMPLEMENTATIONS = YES;
				CLANG_WARN_DIRECT_OBJC_ISA_USAGE = YES_ERROR;
				CLANG_WARN_DOCUMENTATION_COMMENTS = YES;
				CLANG_WARN_EMPTY_BODY = YES;
				CLANG_WARN_ENUM_CONVERSION = YES;
				CLANG_WARN_INFINITE_RECURSION = YES;
				CLANG_WARN_INT_CONVERSION = YES;
				CLANG_WARN_NON_LITERAL_NULL_CONVERSION = YES;
				CLANG_WARN_OBJC_IMPLICIT_RETAIN_SELF = YES;
				CLANG_WARN_OBJC_LITERAL_CONVERSION = YES;
				CLANG_WARN_OBJC_ROOT_CLASS = YES_ERROR;
				CLANG_WARN_RANGE_LOOP_ANALYSIS = YES;
				CLANG_WARN_STRICT_PROTOTYPES = YES;
				CLANG_WARN_SUSPICIOUS_MOVE = YES;
				CLANG_WARN_UNGUARDED_AVAILABILITY = YES_AGGRESSIVE;
				CLANG_WARN_UNREACHABLE_CODE = YES;
				CLANG_WARN__DUPLICATE_METHOD_MATCH = YES;
				CODE_SIGN_IDENTITY = "iPhone Developer";
				COPY_PHASE_STRIP = NO;
				CURRENT_PROJECT_VERSION = 1;
				DEBUG_INFORMATION_FORMAT = "dwarf-with-dsym";
				ENABLE_NS_ASSERTIONS = NO;
				ENABLE_STRICT_OBJC_MSGSEND = YES;
				GCC_C_LANGUAGE_STANDARD = gnu11;
				GCC_NO_COMMON_BLOCKS = YES;
				GCC_WARN_64_TO_32_BIT_CONVERSION = YES;
				GCC_WARN_ABOUT_RETURN_TYPE = YES_ERROR;
				GCC_WARN_UNDECLARED_SELECTOR = YES;
				GCC_WARN_UNINITIALIZED_AUTOS = YES_AGGRESSIVE;
				GCC_WARN_UNUSED_FUNCTION = YES;
				GCC_WARN_UNUSED_VARIABLE = YES;
				IPHONEOS_DEPLOYMENT_TARGET = 8.0;
				MTL_ENABLE_DEBUG_INFO = NO;
				MTL_FAST_MATH = YES;
				SDKROOT = iphoneos;
				SWIFT_COMPILATION_MODE = wholemodule;
				SWIFT_OPTIMIZATION_LEVEL = "-O";
				VALIDATE_PRODUCT = YES;
				VERSIONING_SYSTEM = "apple-generic";
				VERSION_INFO_PREFIX = "";
			};
			name = Release;
		};
		D63EE1E921FD6040008CA8DD /* Debug */ = {
			isa = XCBuildConfiguration;
			buildSettings = {
				CLANG_ENABLE_MODULES = YES;
				CODE_SIGN_IDENTITY = "";
				CODE_SIGN_STYLE = Automatic;
				DEFINES_MODULE = YES;
				DEVELOPMENT_TEAM = 4QRC4C5SWY;
				DYLIB_COMPATIBILITY_VERSION = 1;
				DYLIB_CURRENT_VERSION = 1;
				DYLIB_INSTALL_NAME_BASE = "@rpath";
				INFOPLIST_FILE = QRCodeSwift/Info.plist;
				INSTALL_PATH = "$(LOCAL_LIBRARY_DIR)/Frameworks";
				LD_RUNPATH_SEARCH_PATHS = (
					"$(inherited)",
					"@executable_path/Frameworks",
					"@loader_path/Frameworks",
				);
				PRODUCT_BUNDLE_IDENTIFIER = com.tuluobo.QRCodeSwift;
				PRODUCT_NAME = "$(TARGET_NAME:c99extidentifier)";
				SKIP_INSTALL = YES;
				SWIFT_OPTIMIZATION_LEVEL = "-Onone";
				SWIFT_VERSION = 4.2;
				TARGETED_DEVICE_FAMILY = "1,2";
			};
			name = Debug;
		};
		D63EE1EA21FD6040008CA8DD /* Release */ = {
			isa = XCBuildConfiguration;
			buildSettings = {
				CLANG_ENABLE_MODULES = YES;
				CODE_SIGN_IDENTITY = "";
				CODE_SIGN_STYLE = Automatic;
				DEFINES_MODULE = YES;
				DEVELOPMENT_TEAM = 4QRC4C5SWY;
				DYLIB_COMPATIBILITY_VERSION = 1;
				DYLIB_CURRENT_VERSION = 1;
				DYLIB_INSTALL_NAME_BASE = "@rpath";
				INFOPLIST_FILE = QRCodeSwift/Info.plist;
				INSTALL_PATH = "$(LOCAL_LIBRARY_DIR)/Frameworks";
				LD_RUNPATH_SEARCH_PATHS = (
					"$(inherited)",
					"@executable_path/Frameworks",
					"@loader_path/Frameworks",
				);
				PRODUCT_BUNDLE_IDENTIFIER = com.tuluobo.QRCodeSwift;
				PRODUCT_NAME = "$(TARGET_NAME:c99extidentifier)";
				SKIP_INSTALL = YES;
				SWIFT_VERSION = 4.2;
				TARGETED_DEVICE_FAMILY = "1,2";
			};
			name = Release;
		};
		D63EE1EC21FD6040008CA8DD /* Debug */ = {
			isa = XCBuildConfiguration;
			buildSettings = {
				ALWAYS_EMBED_SWIFT_STANDARD_LIBRARIES = YES;
				CODE_SIGN_STYLE = Automatic;
				DEVELOPMENT_TEAM = 4QRC4C5SWY;
				INFOPLIST_FILE = QRCodeSwiftTests/Info.plist;
				LD_RUNPATH_SEARCH_PATHS = (
					"$(inherited)",
					"@executable_path/Frameworks",
					"@loader_path/Frameworks",
				);
				PRODUCT_BUNDLE_IDENTIFIER = com.tuluobo.QRCodeSwiftTests;
				PRODUCT_NAME = "$(TARGET_NAME)";
				SWIFT_VERSION = 4.2;
				TARGETED_DEVICE_FAMILY = "1,2";
			};
			name = Debug;
		};
		D63EE1ED21FD6040008CA8DD /* Release */ = {
			isa = XCBuildConfiguration;
			buildSettings = {
				ALWAYS_EMBED_SWIFT_STANDARD_LIBRARIES = YES;
				CODE_SIGN_STYLE = Automatic;
				DEVELOPMENT_TEAM = 4QRC4C5SWY;
				INFOPLIST_FILE = QRCodeSwiftTests/Info.plist;
				LD_RUNPATH_SEARCH_PATHS = (
					"$(inherited)",
					"@executable_path/Frameworks",
					"@loader_path/Frameworks",
				);
				PRODUCT_BUNDLE_IDENTIFIER = com.tuluobo.QRCodeSwiftTests;
				PRODUCT_NAME = "$(TARGET_NAME)";
				SWIFT_VERSION = 4.2;
				TARGETED_DEVICE_FAMILY = "1,2";
			};
			name = Release;
		};
/* End XCBuildConfiguration section */

/* Begin XCConfigurationList section */
		D63EE1CE21FD603F008CA8DD /* Build configuration list for PBXProject "QRCodeSwift" */ = {
			isa = XCConfigurationList;
			buildConfigurations = (
				D63EE1E621FD6040008CA8DD /* Debug */,
				D63EE1E721FD6040008CA8DD /* Release */,
			);
			defaultConfigurationIsVisible = 0;
			defaultConfigurationName = Release;
		};
		D63EE1E821FD6040008CA8DD /* Build configuration list for PBXNativeTarget "QRCodeSwift" */ = {
			isa = XCConfigurationList;
			buildConfigurations = (
				D63EE1E921FD6040008CA8DD /* Debug */,
				D63EE1EA21FD6040008CA8DD /* Release */,
			);
			defaultConfigurationIsVisible = 0;
			defaultConfigurationName = Release;
		};
		D63EE1EB21FD6040008CA8DD /* Build configuration list for PBXNativeTarget "QRCodeSwiftTests" */ = {
			isa = XCConfigurationList;
			buildConfigurations = (
				D63EE1EC21FD6040008CA8DD /* Debug */,
				D63EE1ED21FD6040008CA8DD /* Release */,
			);
			defaultConfigurationIsVisible = 0;
			defaultConfigurationName = Release;
		};
/* End XCConfigurationList section */
	};
	rootObject = D63EE1CB21FD603F008CA8DD /* Project object */;
}
